// !$*UTF8*$!
{
	archiveVersion = 1;
	classes = {
	};
	objectVersion = 52;
	objects = {

/* Begin PBXBuildFile section */
		681CF7832434E787009ED9AB /* TaskLogButton.swift in Sources */ = {isa = PBXBuildFile; fileRef = 681CF7822434E787009ED9AB /* TaskLogButton.swift */; };
		681E96982431279600503337 /* Manager.swift in Sources */ = {isa = PBXBuildFile; fileRef = 681E96972431279600503337 /* Manager.swift */; };
		681E969A2431308500503337 /* ManagerWrapper.swift in Sources */ = {isa = PBXBuildFile; fileRef = 681E96992431308500503337 /* ManagerWrapper.swift */; };
		681E969E24328EAD00503337 /* ButtonLogTask.swift in Sources */ = {isa = PBXBuildFile; fileRef = 681E969D24328EAD00503337 /* ButtonLogTask.swift */; };
		681E96A224329BBF00503337 /* SimpleTaskView.swift in Sources */ = {isa = PBXBuildFile; fileRef = 681E96A124329BBF00503337 /* SimpleTaskView.swift */; };
		681E96A424329FF000503337 /* OCKScheduleUtility.swift in Sources */ = {isa = PBXBuildFile; fileRef = 681E96A324329FF000503337 /* OCKScheduleUtility.swift */; };
		681E96A62432A04100503337 /* OCKAnyEvent+sortedOutcomeValuesByRecency.swift in Sources */ = {isa = PBXBuildFile; fileRef = 681E96A52432A04100503337 /* OCKAnyEvent+sortedOutcomeValuesByRecency.swift */; };
		681E96AC2432A16E00503337 /* ButtonLogTaskView.swift in Sources */ = {isa = PBXBuildFile; fileRef = 681E96AB2432A16E00503337 /* ButtonLogTaskView.swift */; };
		681E96AE2432A39100503337 /* InstructionsTaskView.swift in Sources */ = {isa = PBXBuildFile; fileRef = 681E96AD2432A39100503337 /* InstructionsTaskView.swift */; };
		681E96B02432A39A00503337 /* InstructionsTask.swift in Sources */ = {isa = PBXBuildFile; fileRef = 681E96AF2432A39A00503337 /* InstructionsTask.swift */; };
		681E96B22432A65E00503337 /* RoundedButtonStyle.swift in Sources */ = {isa = PBXBuildFile; fileRef = 681E96B12432A65E00503337 /* RoundedButtonStyle.swift */; };
		681E96B42432A81200503337 /* ChecklistTaskView.swift in Sources */ = {isa = PBXBuildFile; fileRef = 681E96B32432A81200503337 /* ChecklistTaskView.swift */; };
		681E96B62432A81C00503337 /* GridTaskView.swift in Sources */ = {isa = PBXBuildFile; fileRef = 681E96B52432A81C00503337 /* GridTaskView.swift */; };
		681E96B82432A82F00503337 /* GridTask.swift in Sources */ = {isa = PBXBuildFile; fileRef = 681E96B72432A82F00503337 /* GridTask.swift */; };
		681E96BA2432A83600503337 /* ChecklistTask.swift in Sources */ = {isa = PBXBuildFile; fileRef = 681E96B92432A83600503337 /* ChecklistTask.swift */; };
		683F575E243032C900E533EB /* AppDelegate.swift in Sources */ = {isa = PBXBuildFile; fileRef = 683F575D243032C900E533EB /* AppDelegate.swift */; };
		683F5760243032C900E533EB /* SceneDelegate.swift in Sources */ = {isa = PBXBuildFile; fileRef = 683F575F243032C900E533EB /* SceneDelegate.swift */; };
		683F5762243032C900E533EB /* ContentView.swift in Sources */ = {isa = PBXBuildFile; fileRef = 683F5761243032C900E533EB /* ContentView.swift */; };
		683F5764243032C900E533EB /* Assets.xcassets in Resources */ = {isa = PBXBuildFile; fileRef = 683F5763243032C900E533EB /* Assets.xcassets */; };
		683F5767243032C900E533EB /* Preview Assets.xcassets in Resources */ = {isa = PBXBuildFile; fileRef = 683F5766243032C900E533EB /* Preview Assets.xcassets */; };
		683F576A243032C900E533EB /* LaunchScreen.storyboard in Resources */ = {isa = PBXBuildFile; fileRef = 683F5768243032C900E533EB /* LaunchScreen.storyboard */; };
		683F57732430334400E533EB /* CareKitUI in Frameworks */ = {isa = PBXBuildFile; productRef = 683F57722430334400E533EB /* CareKitUI */; };
		683F57752430334400E533EB /* CareKit in Frameworks */ = {isa = PBXBuildFile; productRef = 683F57742430334400E533EB /* CareKit */; };
		683F57772430334400E533EB /* CareKitStore in Frameworks */ = {isa = PBXBuildFile; productRef = 683F57762430334400E533EB /* CareKitStore */; };
		687A0D7624311FFA007F85C2 /* SimpleTask.swift in Sources */ = {isa = PBXBuildFile; fileRef = 687A0D7524311FFA007F85C2 /* SimpleTask.swift */; };
/* End PBXBuildFile section */

/* Begin PBXFileReference section */
		681CF7822434E787009ED9AB /* TaskLogButton.swift */ = {isa = PBXFileReference; lastKnownFileType = sourcecode.swift; path = TaskLogButton.swift; sourceTree = "<group>"; };
		681E96972431279600503337 /* Manager.swift */ = {isa = PBXFileReference; lastKnownFileType = sourcecode.swift; path = Manager.swift; sourceTree = "<group>"; };
		681E96992431308500503337 /* ManagerWrapper.swift */ = {isa = PBXFileReference; lastKnownFileType = sourcecode.swift; path = ManagerWrapper.swift; sourceTree = "<group>"; };
		681E969D24328EAD00503337 /* ButtonLogTask.swift */ = {isa = PBXFileReference; lastKnownFileType = sourcecode.swift; path = ButtonLogTask.swift; sourceTree = "<group>"; };
		681E96A124329BBF00503337 /* SimpleTaskView.swift */ = {isa = PBXFileReference; lastKnownFileType = sourcecode.swift; path = SimpleTaskView.swift; sourceTree = "<group>"; };
		681E96A324329FF000503337 /* OCKScheduleUtility.swift */ = {isa = PBXFileReference; lastKnownFileType = sourcecode.swift; path = OCKScheduleUtility.swift; sourceTree = "<group>"; };
		681E96A52432A04100503337 /* OCKAnyEvent+sortedOutcomeValuesByRecency.swift */ = {isa = PBXFileReference; lastKnownFileType = sourcecode.swift; path = "OCKAnyEvent+sortedOutcomeValuesByRecency.swift"; sourceTree = "<group>"; };
		681E96AB2432A16E00503337 /* ButtonLogTaskView.swift */ = {isa = PBXFileReference; lastKnownFileType = sourcecode.swift; path = ButtonLogTaskView.swift; sourceTree = "<group>"; };
		681E96AD2432A39100503337 /* InstructionsTaskView.swift */ = {isa = PBXFileReference; lastKnownFileType = sourcecode.swift; path = InstructionsTaskView.swift; sourceTree = "<group>"; };
		681E96AF2432A39A00503337 /* InstructionsTask.swift */ = {isa = PBXFileReference; lastKnownFileType = sourcecode.swift; path = InstructionsTask.swift; sourceTree = "<group>"; };
		681E96B12432A65E00503337 /* RoundedButtonStyle.swift */ = {isa = PBXFileReference; lastKnownFileType = sourcecode.swift; path = RoundedButtonStyle.swift; sourceTree = "<group>"; };
		681E96B32432A81200503337 /* ChecklistTaskView.swift */ = {isa = PBXFileReference; lastKnownFileType = sourcecode.swift; path = ChecklistTaskView.swift; sourceTree = "<group>"; };
		681E96B52432A81C00503337 /* GridTaskView.swift */ = {isa = PBXFileReference; lastKnownFileType = sourcecode.swift; path = GridTaskView.swift; sourceTree = "<group>"; };
		681E96B72432A82F00503337 /* GridTask.swift */ = {isa = PBXFileReference; lastKnownFileType = sourcecode.swift; path = GridTask.swift; sourceTree = "<group>"; };
		681E96B92432A83600503337 /* ChecklistTask.swift */ = {isa = PBXFileReference; lastKnownFileType = sourcecode.swift; path = ChecklistTask.swift; sourceTree = "<group>"; };
		683F575A243032C900E533EB /* CKUI.app */ = {isa = PBXFileReference; explicitFileType = wrapper.application; includeInIndex = 0; path = CKUI.app; sourceTree = BUILT_PRODUCTS_DIR; };
		683F575D243032C900E533EB /* AppDelegate.swift */ = {isa = PBXFileReference; lastKnownFileType = sourcecode.swift; path = AppDelegate.swift; sourceTree = "<group>"; };
		683F575F243032C900E533EB /* SceneDelegate.swift */ = {isa = PBXFileReference; lastKnownFileType = sourcecode.swift; path = SceneDelegate.swift; sourceTree = "<group>"; };
		683F5761243032C900E533EB /* ContentView.swift */ = {isa = PBXFileReference; lastKnownFileType = sourcecode.swift; path = ContentView.swift; sourceTree = "<group>"; };
		683F5763243032C900E533EB /* Assets.xcassets */ = {isa = PBXFileReference; lastKnownFileType = folder.assetcatalog; path = Assets.xcassets; sourceTree = "<group>"; };
		683F5766243032C900E533EB /* Preview Assets.xcassets */ = {isa = PBXFileReference; lastKnownFileType = folder.assetcatalog; path = "Preview Assets.xcassets"; sourceTree = "<group>"; };
		683F5769243032C900E533EB /* Base */ = {isa = PBXFileReference; lastKnownFileType = file.storyboard; name = Base; path = Base.lproj/LaunchScreen.storyboard; sourceTree = "<group>"; };
		683F576B243032C900E533EB /* Info.plist */ = {isa = PBXFileReference; lastKnownFileType = text.plist.xml; path = Info.plist; sourceTree = "<group>"; };
		687A0D7524311FFA007F85C2 /* SimpleTask.swift */ = {isa = PBXFileReference; lastKnownFileType = sourcecode.swift; path = SimpleTask.swift; sourceTree = "<group>"; };
/* End PBXFileReference section */

/* Begin PBXFrameworksBuildPhase section */
		683F5757243032C900E533EB /* Frameworks */ = {
			isa = PBXFrameworksBuildPhase;
			buildActionMask = 2147483647;
			files = (
				683F57752430334400E533EB /* CareKit in Frameworks */,
				683F57732430334400E533EB /* CareKitUI in Frameworks */,
				683F57772430334400E533EB /* CareKitStore in Frameworks */,
			);
			runOnlyForDeploymentPostprocessing = 0;
		};
/* End PBXFrameworksBuildPhase section */

/* Begin PBXGroup section */
		681E96A72432A09100503337 /* Views */ = {
			isa = PBXGroup;
			children = (
				681E96A124329BBF00503337 /* SimpleTaskView.swift */,
				681E96AB2432A16E00503337 /* ButtonLogTaskView.swift */,
				681E96AD2432A39100503337 /* InstructionsTaskView.swift */,
				681E96B32432A81200503337 /* ChecklistTaskView.swift */,
				681E96B52432A81C00503337 /* GridTaskView.swift */,
				681CF7822434E787009ED9AB /* TaskLogButton.swift */,
			);
			path = Views;
			sourceTree = "<group>";
		};
		681E96A82432A09D00503337 /* Tasks */ = {
			isa = PBXGroup;
			children = (
				687A0D7524311FFA007F85C2 /* SimpleTask.swift */,
				681E969D24328EAD00503337 /* ButtonLogTask.swift */,
				681E96AF2432A39A00503337 /* InstructionsTask.swift */,
				681E96B72432A82F00503337 /* GridTask.swift */,
				681E96B92432A83600503337 /* ChecklistTask.swift */,
			);
			path = Tasks;
			sourceTree = "<group>";
		};
		681E96A92432A0AB00503337 /* Manager */ = {
			isa = PBXGroup;
			children = (
				681E96972431279600503337 /* Manager.swift */,
				681E96992431308500503337 /* ManagerWrapper.swift */,
			);
			path = Manager;
			sourceTree = "<group>";
		};
		681E96AA2432A0B700503337 /* OCK */ = {
			isa = PBXGroup;
			children = (
				681E96A52432A04100503337 /* OCKAnyEvent+sortedOutcomeValuesByRecency.swift */,
				681E96A324329FF000503337 /* OCKScheduleUtility.swift */,
			);
			path = OCK;
			sourceTree = "<group>";
		};
		683F5751243032C900E533EB = {
			isa = PBXGroup;
			children = (
				683F575C243032C900E533EB /* CKUI */,
				683F575B243032C900E533EB /* Products */,
			);
			sourceTree = "<group>";
		};
		683F575B243032C900E533EB /* Products */ = {
			isa = PBXGroup;
			children = (
				683F575A243032C900E533EB /* CKUI.app */,
			);
			name = Products;
			sourceTree = "<group>";
		};
		683F575C243032C900E533EB /* CKUI */ = {
			isa = PBXGroup;
			children = (
				683F575D243032C900E533EB /* AppDelegate.swift */,
				683F575F243032C900E533EB /* SceneDelegate.swift */,
				683F5761243032C900E533EB /* ContentView.swift */,
				681E96B12432A65E00503337 /* RoundedButtonStyle.swift */,
				681E96A72432A09100503337 /* Views */,
				681E96A92432A0AB00503337 /* Manager */,
				681E96A82432A09D00503337 /* Tasks */,
				681E96AA2432A0B700503337 /* OCK */,
				683F5763243032C900E533EB /* Assets.xcassets */,
				683F5768243032C900E533EB /* LaunchScreen.storyboard */,
				683F576B243032C900E533EB /* Info.plist */,
				683F5765243032C900E533EB /* Preview Content */,
			);
			path = CKUI;
			sourceTree = "<group>";
		};
		683F5765243032C900E533EB /* Preview Content */ = {
			isa = PBXGroup;
			children = (
				683F5766243032C900E533EB /* Preview Assets.xcassets */,
			);
			path = "Preview Content";
			sourceTree = "<group>";
		};
/* End PBXGroup section */

/* Begin PBXNativeTarget section */
		683F5759243032C900E533EB /* CKUI */ = {
			isa = PBXNativeTarget;
			buildConfigurationList = 683F576E243032C900E533EB /* Build configuration list for PBXNativeTarget "CKUI" */;
			buildPhases = (
				683F5756243032C900E533EB /* Sources */,
				683F5757243032C900E533EB /* Frameworks */,
				683F5758243032C900E533EB /* Resources */,
			);
			buildRules = (
			);
			dependencies = (
			);
			name = CKUI;
			packageProductDependencies = (
				683F57722430334400E533EB /* CareKitUI */,
				683F57742430334400E533EB /* CareKit */,
				683F57762430334400E533EB /* CareKitStore */,
			);
			productName = CKUI;
			productReference = 683F575A243032C900E533EB /* CKUI.app */;
			productType = "com.apple.product-type.application";
		};
/* End PBXNativeTarget section */

/* Begin PBXProject section */
		683F5752243032C900E533EB /* Project object */ = {
			isa = PBXProject;
			attributes = {
				LastSwiftUpdateCheck = 1140;
				LastUpgradeCheck = 1140;
				ORGANIZATIONNAME = "Eric Lewis";
				TargetAttributes = {
					683F5759243032C900E533EB = {
						CreatedOnToolsVersion = 11.4;
					};
				};
			};
			buildConfigurationList = 683F5755243032C900E533EB /* Build configuration list for PBXProject "CKUI" */;
			compatibilityVersion = "Xcode 9.3";
			developmentRegion = en;
			hasScannedForEncodings = 0;
			knownRegions = (
				en,
				Base,
			);
			mainGroup = 683F5751243032C900E533EB;
			packageReferences = (
				683F57712430334400E533EB /* XCRemoteSwiftPackageReference "CareKit" */,
			);
			productRefGroup = 683F575B243032C900E533EB /* Products */;
			projectDirPath = "";
			projectRoot = "";
			targets = (
				683F5759243032C900E533EB /* CKUI */,
			);
		};
/* End PBXProject section */

/* Begin PBXResourcesBuildPhase section */
		683F5758243032C900E533EB /* Resources */ = {
			isa = PBXResourcesBuildPhase;
			buildActionMask = 2147483647;
			files = (
				683F576A243032C900E533EB /* LaunchScreen.storyboard in Resources */,
				683F5767243032C900E533EB /* Preview Assets.xcassets in Resources */,
				683F5764243032C900E533EB /* Assets.xcassets in Resources */,
			);
			runOnlyForDeploymentPostprocessing = 0;
		};
/* End PBXResourcesBuildPhase section */

/* Begin PBXSourcesBuildPhase section */
		683F5756243032C900E533EB /* Sources */ = {
			isa = PBXSourcesBuildPhase;
			buildActionMask = 2147483647;
			files = (
				681E96B42432A81200503337 /* ChecklistTaskView.swift in Sources */,
				681E96B62432A81C00503337 /* GridTaskView.swift in Sources */,
				681E96A424329FF000503337 /* OCKScheduleUtility.swift in Sources */,
				681E96AE2432A39100503337 /* InstructionsTaskView.swift in Sources */,
				681E96B82432A82F00503337 /* GridTask.swift in Sources */,
				687A0D7624311FFA007F85C2 /* SimpleTask.swift in Sources */,
				681E96B02432A39A00503337 /* InstructionsTask.swift in Sources */,
				681E96AC2432A16E00503337 /* ButtonLogTaskView.swift in Sources */,
				681E96B22432A65E00503337 /* RoundedButtonStyle.swift in Sources */,
				681E969A2431308500503337 /* ManagerWrapper.swift in Sources */,
				681E96982431279600503337 /* Manager.swift in Sources */,
				681CF7832434E787009ED9AB /* TaskLogButton.swift in Sources */,
				681E96BA2432A83600503337 /* ChecklistTask.swift in Sources */,
				683F575E243032C900E533EB /* AppDelegate.swift in Sources */,
				683F5760243032C900E533EB /* SceneDelegate.swift in Sources */,
				681E969E24328EAD00503337 /* ButtonLogTask.swift in Sources */,
				683F5762243032C900E533EB /* ContentView.swift in Sources */,
				681E96A62432A04100503337 /* OCKAnyEvent+sortedOutcomeValuesByRecency.swift in Sources */,
				681E96A224329BBF00503337 /* SimpleTaskView.swift in Sources */,
			);
			runOnlyForDeploymentPostprocessing = 0;
		};
/* End PBXSourcesBuildPhase section */

/* Begin PBXVariantGroup section */
		683F5768243032C900E533EB /* LaunchScreen.storyboard */ = {
			isa = PBXVariantGroup;
			children = (
				683F5769243032C900E533EB /* Base */,
			);
			name = LaunchScreen.storyboard;
			sourceTree = "<group>";
		};
/* End PBXVariantGroup section */

/* Begin XCBuildConfiguration section */
		683F576C243032C900E533EB /* Debug */ = {
			isa = XCBuildConfiguration;
			buildSettings = {
				ALWAYS_SEARCH_USER_PATHS = NO;
				CLANG_ANALYZER_NONNULL = YES;
				CLANG_ANALYZER_NUMBER_OBJECT_CONVERSION = YES_AGGRESSIVE;
				CLANG_CXX_LANGUAGE_STANDARD = "gnu++14";
				CLANG_CXX_LIBRARY = "libc++";
				CLANG_ENABLE_MODULES = YES;
				CLANG_ENABLE_OBJC_ARC = YES;
				CLANG_ENABLE_OBJC_WEAK = YES;
				CLANG_WARN_BLOCK_CAPTURE_AUTORELEASING = YES;
				CLANG_WARN_BOOL_CONVERSION = YES;
				CLANG_WARN_COMMA = YES;
				CLANG_WARN_CONSTANT_CONVERSION = YES;
				CLANG_WARN_DEPRECATED_OBJC_IMPLEMENTATIONS = YES;
				CLANG_WARN_DIRECT_OBJC_ISA_USAGE = YES_ERROR;
				CLANG_WARN_DOCUMENTATION_COMMENTS = YES;
				CLANG_WARN_EMPTY_BODY = YES;
				CLANG_WARN_ENUM_CONVERSION = YES;
				CLANG_WARN_INFINITE_RECURSION = YES;
				CLANG_WARN_INT_CONVERSION = YES;
				CLANG_WARN_NON_LITERAL_NULL_CONVERSION = YES;
				CLANG_WARN_OBJC_IMPLICIT_RETAIN_SELF = YES;
				CLANG_WARN_OBJC_LITERAL_CONVERSION = YES;
				CLANG_WARN_OBJC_ROOT_CLASS = YES_ERROR;
				CLANG_WARN_RANGE_LOOP_ANALYSIS = YES;
				CLANG_WARN_STRICT_PROTOTYPES = YES;
				CLANG_WARN_SUSPICIOUS_MOVE = YES;
				CLANG_WARN_UNGUARDED_AVAILABILITY = YES_AGGRESSIVE;
				CLANG_WARN_UNREACHABLE_CODE = YES;
				CLANG_WARN__DUPLICATE_METHOD_MATCH = YES;
				COPY_PHASE_STRIP = NO;
				DEBUG_INFORMATION_FORMAT = dwarf;
				ENABLE_STRICT_OBJC_MSGSEND = YES;
				ENABLE_TESTABILITY = YES;
				GCC_C_LANGUAGE_STANDARD = gnu11;
				GCC_DYNAMIC_NO_PIC = NO;
				GCC_NO_COMMON_BLOCKS = YES;
				GCC_OPTIMIZATION_LEVEL = 0;
				GCC_PREPROCESSOR_DEFINITIONS = (
					"DEBUG=1",
					"$(inherited)",
				);
				GCC_WARN_64_TO_32_BIT_CONVERSION = YES;
				GCC_WARN_ABOUT_RETURN_TYPE = YES_ERROR;
				GCC_WARN_UNDECLARED_SELECTOR = YES;
				GCC_WARN_UNINITIALIZED_AUTOS = YES_AGGRESSIVE;
				GCC_WARN_UNUSED_FUNCTION = YES;
				GCC_WARN_UNUSED_VARIABLE = YES;
				IPHONEOS_DEPLOYMENT_TARGET = 13.4;
				MTL_ENABLE_DEBUG_INFO = INCLUDE_SOURCE;
				MTL_FAST_MATH = YES;
				ONLY_ACTIVE_ARCH = YES;
				SDKROOT = iphoneos;
				SWIFT_ACTIVE_COMPILATION_CONDITIONS = DEBUG;
				SWIFT_OPTIMIZATION_LEVEL = "-Onone";
			};
			name = Debug;
		};
		683F576D243032C900E533EB /* Release */ = {
			isa = XCBuildConfiguration;
			buildSettings = {
				ALWAYS_SEARCH_USER_PATHS = NO;
				CLANG_ANALYZER_NONNULL = YES;
				CLANG_ANALYZER_NUMBER_OBJECT_CONVERSION = YES_AGGRESSIVE;
				CLANG_CXX_LANGUAGE_STANDARD = "gnu++14";
				CLANG_CXX_LIBRARY = "libc++";
				CLANG_ENABLE_MODULES = YES;
				CLANG_ENABLE_OBJC_ARC = YES;
				CLANG_ENABLE_OBJC_WEAK = YES;
				CLANG_WARN_BLOCK_CAPTURE_AUTORELEASING = YES;
				CLANG_WARN_BOOL_CONVERSION = YES;
				CLANG_WARN_COMMA = YES;
				CLANG_WARN_CONSTANT_CONVERSION = YES;
				CLANG_WARN_DEPRECATED_OBJC_IMPLEMENTATIONS = YES;
				CLANG_WARN_DIRECT_OBJC_ISA_USAGE = YES_ERROR;
				CLANG_WARN_DOCUMENTATION_COMMENTS = YES;
				CLANG_WARN_EMPTY_BODY = YES;
				CLANG_WARN_ENUM_CONVERSION = YES;
				CLANG_WARN_INFINITE_RECURSION = YES;
				CLANG_WARN_INT_CONVERSION = YES;
				CLANG_WARN_NON_LITERAL_NULL_CONVERSION = YES;
				CLANG_WARN_OBJC_IMPLICIT_RETAIN_SELF = YES;
				CLANG_WARN_OBJC_LITERAL_CONVERSION = YES;
				CLANG_WARN_OBJC_ROOT_CLASS = YES_ERROR;
				CLANG_WARN_RANGE_LOOP_ANALYSIS = YES;
				CLANG_WARN_STRICT_PROTOTYPES = YES;
				CLANG_WARN_SUSPICIOUS_MOVE = YES;
				CLANG_WARN_UNGUARDED_AVAILABILITY = YES_AGGRESSIVE;
				CLANG_WARN_UNREACHABLE_CODE = YES;
				CLANG_WARN__DUPLICATE_METHOD_MATCH = YES;
				COPY_PHASE_STRIP = NO;
				DEBUG_INFORMATION_FORMAT = "dwarf-with-dsym";
				ENABLE_NS_ASSERTIONS = NO;
				ENABLE_STRICT_OBJC_MSGSEND = YES;
				GCC_C_LANGUAGE_STANDARD = gnu11;
				GCC_NO_COMMON_BLOCKS = YES;
				GCC_WARN_64_TO_32_BIT_CONVERSION = YES;
				GCC_WARN_ABOUT_RETURN_TYPE = YES_ERROR;
				GCC_WARN_UNDECLARED_SELECTOR = YES;
				GCC_WARN_UNINITIALIZED_AUTOS = YES_AGGRESSIVE;
				GCC_WARN_UNUSED_FUNCTION = YES;
				GCC_WARN_UNUSED_VARIABLE = YES;
				IPHONEOS_DEPLOYMENT_TARGET = 13.4;
				MTL_ENABLE_DEBUG_INFO = NO;
				MTL_FAST_MATH = YES;
				SDKROOT = iphoneos;
				SWIFT_COMPILATION_MODE = wholemodule;
				SWIFT_OPTIMIZATION_LEVEL = "-O";
				VALIDATE_PRODUCT = YES;
			};
			name = Release;
		};
		683F576F243032C900E533EB /* Debug */ = {
			isa = XCBuildConfiguration;
			buildSettings = {
				ASSETCATALOG_COMPILER_APPICON_NAME = AppIcon;
				CODE_SIGN_STYLE = Automatic;
				DEVELOPMENT_ASSET_PATHS = "\"CKUI/Preview Content\"";
				DEVELOPMENT_TEAM = F9PGNEMEHU;
				ENABLE_PREVIEWS = YES;
				INFOPLIST_FILE = CKUI/Info.plist;
				LD_RUNPATH_SEARCH_PATHS = (
					"$(inherited)",
					"@executable_path/Frameworks",
				);
				PRODUCT_BUNDLE_IDENTIFIER = com.ericlewis.CKUI;
				PRODUCT_NAME = "$(TARGET_NAME)";
				SWIFT_VERSION = 5.0;
				TARGETED_DEVICE_FAMILY = "1,2";
			};
			name = Debug;
		};
		683F5770243032C900E533EB /* Release */ = {
			isa = XCBuildConfiguration;
			buildSettings = {
				ASSETCATALOG_COMPILER_APPICON_NAME = AppIcon;
				CODE_SIGN_STYLE = Automatic;
				DEVELOPMENT_ASSET_PATHS = "\"CKUI/Preview Content\"";
				DEVELOPMENT_TEAM = F9PGNEMEHU;
				ENABLE_PREVIEWS = YES;
				INFOPLIST_FILE = CKUI/Info.plist;
				LD_RUNPATH_SEARCH_PATHS = (
					"$(inherited)",
					"@executable_path/Frameworks",
				);
				PRODUCT_BUNDLE_IDENTIFIER = com.ericlewis.CKUI;
				PRODUCT_NAME = "$(TARGET_NAME)";
				SWIFT_VERSION = 5.0;
				TARGETED_DEVICE_FAMILY = "1,2";
			};
			name = Release;
		};
/* End XCBuildConfiguration section */

/* Begin XCConfigurationList section */
		683F5755243032C900E533EB /* Build configuration list for PBXProject "CKUI" */ = {
			isa = XCConfigurationList;
			buildConfigurations = (
				683F576C243032C900E533EB /* Debug */,
				683F576D243032C900E533EB /* Release */,
			);
			defaultConfigurationIsVisible = 0;
			defaultConfigurationName = Release;
		};
		683F576E243032C900E533EB /* Build configuration list for PBXNativeTarget "CKUI" */ = {
			isa = XCConfigurationList;
			buildConfigurations = (
				683F576F243032C900E533EB /* Debug */,
				683F5770243032C900E533EB /* Release */,
			);
			defaultConfigurationIsVisible = 0;
			defaultConfigurationName = Release;
		};
/* End XCConfigurationList section */

/* Begin XCRemoteSwiftPackageReference section */
		683F57712430334400E533EB /* XCRemoteSwiftPackageReference "CareKit" */ = {
			isa = XCRemoteSwiftPackageReference;
			repositoryURL = "https://github.com/carekit-apple/CareKit";
			requirement = {
				branch = master;
				kind = branch;
			};
		};
/* End XCRemoteSwiftPackageReference section */

/* Begin XCSwiftPackageProductDependency section */
		683F57722430334400E533EB /* CareKitUI */ = {
			isa = XCSwiftPackageProductDependency;
			package = 683F57712430334400E533EB /* XCRemoteSwiftPackageReference "CareKit" */;
			productName = CareKitUI;
		};
		683F57742430334400E533EB /* CareKit */ = {
			isa = XCSwiftPackageProductDependency;
			package = 683F57712430334400E533EB /* XCRemoteSwiftPackageReference "CareKit" */;
			productName = CareKit;
		};
		683F57762430334400E533EB /* CareKitStore */ = {
			isa = XCSwiftPackageProductDependency;
			package = 683F57712430334400E533EB /* XCRemoteSwiftPackageReference "CareKit" */;
			productName = CareKitStore;
		};
/* End XCSwiftPackageProductDependency section */
	};
	rootObject = 683F5752243032C900E533EB /* Project object */;
}
